
Microsoft Visual Studio Solution File, Format Version 12.00
# Visual Studio Version 17
VisualStudioVersion = 17.8.34601.278
MinimumVisualStudioVersion = 10.0.40219.1
Project("{FAE04EC0-301F-11D3-BF4B-00C04F79EFBC}") = "CloudVideoStreamer.Api", "CloudVideoStreamer.Api\CloudVideoStreamer.Api.csproj", "{557B6574-0B81-415E-9C03-8F6FFD67F343}"
EndProject
Project("{FAE04EC0-301F-11D3-BF4B-00C04F79EFBC}") = "CloudVideoStreamer.Repository", "CloudVideoStreamer.Repository\CloudVideoStreamer.Repository.csproj", "{6028CC8D-2B4C-4A1F-B5B6-746FE7F337DA}"
EndProject
Project("{FAE04EC0-301F-11D3-BF4B-00C04F79EFBC}") = "CloudVideoStreamer.Service", "CloudVideoStreamer.Service\CloudVideoStreamer.Service.csproj", "{3269C00B-B0BD-4C99-AA35-8C50013BC20B}"
EndProject
Project("{54A90642-561A-4BB1-A94E-469ADEE60C69}") = "cloudvideostreamer.web", "CloudVideoStreamer.Web\cloudvideostreamer.web.esproj", "{2132077C-247E-E828-7041-765C1AF673F3}"
EndProject
Project("{54A90642-561A-4BB1-A94E-469ADEE60C69}") = "cloudvideostreamer.mobile", "cloudvideostreamer.mobile\cloudvideostreamer.mobile.esproj", "{76323452-AEB8-B9EC-B570-59EB490E282E}"
EndProject
Project("{54A90642-561A-4BB1-A94E-469ADEE60C69}") = "CloudVideoStreamerMobileNative", "CVSMobileNative\CloudVideoStreamerMobileNative.esproj", "{301B48BD-5D33-4E56-F855-E5655A961263}"
EndProject
Global
	GlobalSection(SolutionConfigurationPlatforms) = preSolution
		Debug|Any CPU = Debug|Any CPU
		Release|Any CPU = Release|Any CPU
	EndGlobalSection
	GlobalSection(ProjectConfigurationPlatforms) = postSolution
		{557B6574-0B81-415E-9C03-8F6FFD67F343}.Debug|Any CPU.ActiveCfg = Debug|Any CPU
		{557B6574-0B81-415E-9C03-8F6FFD67F343}.Debug|Any CPU.Build.0 = Debug|Any CPU
		{557B6574-0B81-415E-9C03-8F6FFD67F343}.Release|Any CPU.ActiveCfg = Release|Any CPU
		{557B6574-0B81-415E-9C03-8F6FFD67F343}.Release|Any CPU.Build.0 = Release|Any CPU
		{6028CC8D-2B4C-4A1F-B5B6-746FE7F337DA}.Debug|Any CPU.ActiveCfg = Debug|Any CPU
		{6028CC8D-2B4C-4A1F-B5B6-746FE7F337DA}.Debug|Any CPU.Build.0 = Debug|Any CPU
		{6028CC8D-2B4C-4A1F-B5B6-746FE7F337DA}.Release|Any CPU.ActiveCfg = Release|Any CPU
		{6028CC8D-2B4C-4A1F-B5B6-746FE7F337DA}.Release|Any CPU.Build.0 = Release|Any CPU
		{3269C00B-B0BD-4C99-AA35-8C50013BC20B}.Debug|Any CPU.ActiveCfg = Debug|Any CPU
		{3269C00B-B0BD-4C99-AA35-8C50013BC20B}.Debug|Any CPU.Build.0 = Debug|Any CPU
		{3269C00B-B0BD-4C99-AA35-8C50013BC20B}.Release|Any CPU.ActiveCfg = Release|Any CPU
		{3269C00B-B0BD-4C99-AA35-8C50013BC20B}.Release|Any CPU.Build.0 = Release|Any CPU
		{2132077C-247E-E828-7041-765C1AF673F3}.Debug|Any CPU.ActiveCfg = Debug|Any CPU
		{2132077C-247E-E828-7041-765C1AF673F3}.Debug|Any CPU.Build.0 = Debug|Any CPU
		{2132077C-247E-E828-7041-765C1AF673F3}.Debug|Any CPU.Deploy.0 = Debug|Any CPU
		{2132077C-247E-E828-7041-765C1AF673F3}.Release|Any CPU.ActiveCfg = Release|Any CPU
		{2132077C-247E-E828-7041-765C1AF673F3}.Release|Any CPU.Build.0 = Release|Any CPU
		{2132077C-247E-E828-7041-765C1AF673F3}.Release|Any CPU.Deploy.0 = Release|Any CPU
		{76323452-AEB8-B9EC-B570-59EB490E282E}.Debug|Any CPU.ActiveCfg = Debug|Any CPU
		{76323452-AEB8-B9EC-B570-59EB490E282E}.Debug|Any CPU.Build.0 = Debug|Any CPU
		{76323452-AEB8-B9EC-B570-59EB490E282E}.Debug|Any CPU.Deploy.0 = Debug|Any CPU
		{76323452-AEB8-B9EC-B570-59EB490E282E}.Release|Any CPU.ActiveCfg = Release|Any CPU
		{76323452-AEB8-B9EC-B570-59EB490E282E}.Release|Any CPU.Build.0 = Release|Any CPU
		{76323452-AEB8-B9EC-B570-59EB490E282E}.Release|Any CPU.Deploy.0 = Release|Any CPU
		{301B48BD-5D33-4E56-F855-E5655A961263}.Debug|Any CPU.ActiveCfg = Debug|Any CPU
		{301B48BD-5D33-4E56-F855-E5655A961263}.Debug|Any CPU.Build.0 = Debug|Any CPU
		{301B48BD-5D33-4E56-F855-E5655A961263}.Debug|Any CPU.Deploy.0 = Debug|Any CPU
		{301B48BD-5D33-4E56-F855-E5655A961263}.Release|Any CPU.ActiveCfg = Release|Any CPU
		{301B48BD-5D33-4E56-F855-E5655A961263}.Release|Any CPU.Build.0 = Release|Any CPU
		{301B48BD-5D33-4E56-F855-E5655A961263}.Release|Any CPU.Deploy.0 = Release|Any CPU
	EndGlobalSection
	GlobalSection(SolutionProperties) = preSolution
		HideSolutionNode = FALSE
	EndGlobalSection
	GlobalSection(ExtensibilityGlobals) = postSolution
		SolutionGuid = {9CCF537C-C0C6-4FF8-808D-49AF9CB8B757}
	EndGlobalSection
EndGlobal
